Microsoft Visual Studio Solution File, Format Version 12.00
# Visual Studio Version 16
VisualStudioVersion = 16.0.30011.22
MinimumVisualStudioVersion = 10.0.40219.1
Project("{9A19103F-16F7-4668-BE54-9A1E7A4F7556}") = "PhotoTagger", "PhotoTagger\PhotoTagger.csproj", "{1D77E5DB-4B88-427B-956C-2F325E0B6164}"
EndProject
Project("{9A19103F-16F7-4668-BE54-9A1E7A4F7556}") = "PhotoTaggerTests", "PhotoTaggerTests\PhotoTaggerTests.csproj", "{1DE57892-E66E-4D40-921C-9A7D12194CA4}"
EndProject
Project("{2150E333-8FDC-42A3-9474-1A3956D46DE8}") = "Solution Items", "Solution Items", "{E7264E15-2484-486F-8BA9-9E1055DDA66D}"
	ProjectSection(SolutionItems) = preProject
		.editorconfig = .editorconfig
		appveyor.yml = appveyor.yml
	EndProjectSection
EndProject
Project("{9A19103F-16F7-4668-BE54-9A1E7A4F7556}") = "PhotoTagger.Imaging", "PhotoTagger.Imaging\PhotoTagger.Imaging.csproj", "{2CF46AE4-1F15-4470-8ABE-1BBDD7EE42B3}"
EndProject
Project("{9A19103F-16F7-4668-BE54-9A1E7A4F7556}") = "PhotoTagger.Wpf", "PhotoTagger.Wpf\PhotoTagger.Wpf.csproj", "{4C7B56C1-3F49-44F2-BCF4-C8F823E858D8}"
EndProject
Project("{9A19103F-16F7-4668-BE54-9A1E7A4F7556}") = "PhotoCull", "PhotoCull\PhotoCull.csproj", "{987FB840-505E-4388-9590-413207A9345F}"
EndProject
Global
	GlobalSection(SolutionConfigurationPlatforms) = preSolution
		Debug|x64 = Debug|x64
		Release|x64 = Release|x64
	EndGlobalSection
	GlobalSection(ProjectConfigurationPlatforms) = postSolution
		{1D77E5DB-4B88-427B-956C-2F325E0B6164}.Debug|x64.ActiveCfg = Debug|x64
		{1D77E5DB-4B88-427B-956C-2F325E0B6164}.Debug|x64.Build.0 = Debug|x64
		{1D77E5DB-4B88-427B-956C-2F325E0B6164}.Release|x64.ActiveCfg = Release|x64
		{1D77E5DB-4B88-427B-956C-2F325E0B6164}.Release|x64.Build.0 = Release|x64
		{1DE57892-E66E-4D40-921C-9A7D12194CA4}.Debug|x64.ActiveCfg = Debug|x64
		{1DE57892-E66E-4D40-921C-9A7D12194CA4}.Debug|x64.Build.0 = Debug|x64
		{1DE57892-E66E-4D40-921C-9A7D12194CA4}.Release|x64.ActiveCfg = Release|x64
		{1DE57892-E66E-4D40-921C-9A7D12194CA4}.Release|x64.Build.0 = Release|x64
		{2CF46AE4-1F15-4470-8ABE-1BBDD7EE42B3}.Debug|x64.ActiveCfg = Debug|x64
		{2CF46AE4-1F15-4470-8ABE-1BBDD7EE42B3}.Debug|x64.Build.0 = Debug|x64
		{2CF46AE4-1F15-4470-8ABE-1BBDD7EE42B3}.Release|x64.ActiveCfg = Release|x64
		{2CF46AE4-1F15-4470-8ABE-1BBDD7EE42B3}.Release|x64.Build.0 = Release|x64
		{4C7B56C1-3F49-44F2-BCF4-C8F823E858D8}.Debug|x64.ActiveCfg = Debug|x64
		{4C7B56C1-3F49-44F2-BCF4-C8F823E858D8}.Debug|x64.Build.0 = Debug|x64
		{4C7B56C1-3F49-44F2-BCF4-C8F823E858D8}.Release|x64.ActiveCfg = Release|x64
		{4C7B56C1-3F49-44F2-BCF4-C8F823E858D8}.Release|x64.Build.0 = Release|x64
		{987FB840-505E-4388-9590-413207A9345F}.Debug|x64.ActiveCfg = Debug|x64
		{987FB840-505E-4388-9590-413207A9345F}.Debug|x64.Build.0 = Debug|x64
		{987FB840-505E-4388-9590-413207A9345F}.Release|x64.ActiveCfg = Release|x64
		{987FB840-505E-4388-9590-413207A9345F}.Release|x64.Build.0 = Release|x64
	EndGlobalSection
	GlobalSection(SolutionProperties) = preSolution
		HideSolutionNode = FALSE
	EndGlobalSection
	GlobalSection(ExtensibilityGlobals) = postSolution
		SolutionGuid = {2FDD1EEB-EFCE-4439-A1B6-C0DAF09A24CE}
	EndGlobalSection
EndGlobal
