
Microsoft Visual Studio Solution File, Format Version 12.00
# Visual Studio 15
VisualStudioVersion = 15.0.26730.10
MinimumVisualStudioVersion = 10.0.40219.1
Project("{FAE04EC0-301F-11D3-BF4B-00C04F79EFBC}") = "PhotoTagger", "PhotoTagger\PhotoTagger.csproj", "{1D77E5DB-4B88-427B-956C-2F325E0B6164}"
EndProject
Project("{FAE04EC0-301F-11D3-BF4B-00C04F79EFBC}") = "PhotoTaggerTests", "PhotoTaggerTests\PhotoTaggerTests.csproj", "{1DE57892-E66E-4D40-921C-9A7D12194CA4}"
EndProject
Global
	GlobalSection(SolutionConfigurationPlatforms) = preSolution
		Debug|Any CPU = Debug|Any CPU
		Release|Any CPU = Release|Any CPU
	EndGlobalSection
	GlobalSection(ProjectConfigurationPlatforms) = postSolution
		{1D77E5DB-4B88-427B-956C-2F325E0B6164}.Debug|Any CPU.ActiveCfg = Debug|Any CPU
		{1D77E5DB-4B88-427B-956C-2F325E0B6164}.Debug|Any CPU.Build.0 = Debug|Any CPU
		{1D77E5DB-4B88-427B-956C-2F325E0B6164}.Release|Any CPU.ActiveCfg = Release|Any CPU
		{1D77E5DB-4B88-427B-956C-2F325E0B6164}.Release|Any CPU.Build.0 = Release|Any CPU
		{1DE57892-E66E-4D40-921C-9A7D12194CA4}.Debug|Any CPU.ActiveCfg = Debug|Any CPU
		{1DE57892-E66E-4D40-921C-9A7D12194CA4}.Debug|Any CPU.Build.0 = Debug|Any CPU
		{1DE57892-E66E-4D40-921C-9A7D12194CA4}.Release|Any CPU.ActiveCfg = Release|Any CPU
		{1DE57892-E66E-4D40-921C-9A7D12194CA4}.Release|Any CPU.Build.0 = Release|Any CPU
	EndGlobalSection
	GlobalSection(SolutionProperties) = preSolution
		HideSolutionNode = FALSE
	EndGlobalSection
	GlobalSection(ExtensibilityGlobals) = postSolution
		SolutionGuid = {2FDD1EEB-EFCE-4439-A1B6-C0DAF09A24CE}
	EndGlobalSection
EndGlobal
